# This file is autogenerated, do not edit; changes may be undone by the next 'dep ensure'.


[[projects]]
  name = "github.com/go-sql-driver/mysql"
  packages = ["."]
  revision = "a0583e0143b1624142adab07e0e97fe106d99561"
  version = "v1.3"

[solve-meta]
  analyzer-name = "dep"
  analyzer-version = 1
  inputs-digest = "205e5df3f3a88597f2cfa8152ff0a54a4e7210c1dbf10c6ecdfc00897ac48da9"
  solver-name = "gps-cdcl"
  solver-version = 1
